
Microsoft Visual Studio Solution File, Format Version 12.00
# Visual Studio Version 16
VisualStudioVersion = 16.0.29911.98
MinimumVisualStudioVersion = 10.0.40219.1
Project("{FAE04EC0-301F-11D3-BF4B-00C04F79EFBC}") = "EmptyViewBindableLayoutPlayground.UWP", "EmptyViewBindableLayoutPlayground\EmptyViewBindableLayoutPlayground.UWP\EmptyViewBindableLayoutPlayground.UWP.csproj", "{F976C2FD-3164-4218-9E4D-8F0425ADBA21}"
EndProject
Project("{FAE04EC0-301F-11D3-BF4B-00C04F79EFBC}") = "EmptyViewBindableLayoutPlayground.Android", "EmptyViewBindableLayoutPlayground\EmptyViewBindableLayoutPlayground.Android\EmptyViewBindableLayoutPlayground.Android.csproj", "{AFE184AD-3046-4EBE-A6D1-85588DAB0406}"
EndProject
Project("{FAE04EC0-301F-11D3-BF4B-00C04F79EFBC}") = "EmptyViewBindableLayoutPlayground.iOS", "EmptyViewBindableLayoutPlayground\EmptyViewBindableLayoutPlayground.iOS\EmptyViewBindableLayoutPlayground.iOS.csproj", "{8147C452-A34B-4FCA-8A46-611B7071C929}"
EndProject
Project("{FAE04EC0-301F-11D3-BF4B-00C04F79EFBC}") = "EmptyViewBindableLayoutPlayground", "EmptyViewBindableLayoutPlayground\EmptyViewBindableLayoutPlayground\EmptyViewBindableLayoutPlayground.csproj", "{8C3220B9-F9FB-4400-B4A9-4CF20A3804AC}"
EndProject
Global
	GlobalSection(SolutionConfigurationPlatforms) = preSolution
		Debug|Any CPU = Debug|Any CPU
		Debug|ARM = Debug|ARM
		Debug|iPhone = Debug|iPhone
		Debug|iPhoneSimulator = Debug|iPhoneSimulator
		Debug|x64 = Debug|x64
		Debug|x86 = Debug|x86
		Release|Any CPU = Release|Any CPU
		Release|ARM = Release|ARM
		Release|iPhone = Release|iPhone
		Release|iPhoneSimulator = Release|iPhoneSimulator
		Release|x64 = Release|x64
		Release|x86 = Release|x86
	EndGlobalSection
	GlobalSection(ProjectConfigurationPlatforms) = postSolution
		{F976C2FD-3164-4218-9E4D-8F0425ADBA21}.Debug|Any CPU.ActiveCfg = Debug|x86
		{F976C2FD-3164-4218-9E4D-8F0425ADBA21}.Debug|Any CPU.Build.0 = Debug|x86
		{F976C2FD-3164-4218-9E4D-8F0425ADBA21}.Debug|Any CPU.Deploy.0 = Debug|x86
		{F976C2FD-3164-4218-9E4D-8F0425ADBA21}.Debug|ARM.ActiveCfg = Debug|ARM
		{F976C2FD-3164-4218-9E4D-8F0425ADBA21}.Debug|ARM.Build.0 = Debug|ARM
		{F976C2FD-3164-4218-9E4D-8F0425ADBA21}.Debug|ARM.Deploy.0 = Debug|ARM
		{F976C2FD-3164-4218-9E4D-8F0425ADBA21}.Debug|iPhone.ActiveCfg = Debug|x86
		{F976C2FD-3164-4218-9E4D-8F0425ADBA21}.Debug|iPhone.Build.0 = Debug|x86
		{F976C2FD-3164-4218-9E4D-8F0425ADBA21}.Debug|iPhone.Deploy.0 = Debug|x86
		{F976C2FD-3164-4218-9E4D-8F0425ADBA21}.Debug|iPhoneSimulator.ActiveCfg = Debug|x86
		{F976C2FD-3164-4218-9E4D-8F0425ADBA21}.Debug|iPhoneSimulator.Build.0 = Debug|x86
		{F976C2FD-3164-4218-9E4D-8F0425ADBA21}.Debug|iPhoneSimulator.Deploy.0 = Debug|x86
		{F976C2FD-3164-4218-9E4D-8F0425ADBA21}.Debug|x64.ActiveCfg = Debug|x64
		{F976C2FD-3164-4218-9E4D-8F0425ADBA21}.Debug|x64.Build.0 = Debug|x64
		{F976C2FD-3164-4218-9E4D-8F0425ADBA21}.Debug|x64.Deploy.0 = Debug|x64
		{F976C2FD-3164-4218-9E4D-8F0425ADBA21}.Debug|x86.ActiveCfg = Debug|x86
		{F976C2FD-3164-4218-9E4D-8F0425ADBA21}.Debug|x86.Build.0 = Debug|x86
		{F976C2FD-3164-4218-9E4D-8F0425ADBA21}.Debug|x86.Deploy.0 = Debug|x86
		{F976C2FD-3164-4218-9E4D-8F0425ADBA21}.Release|Any CPU.ActiveCfg = Release|x86
		{F976C2FD-3164-4218-9E4D-8F0425ADBA21}.Release|Any CPU.Build.0 = Release|x86
		{F976C2FD-3164-4218-9E4D-8F0425ADBA21}.Release|Any CPU.Deploy.0 = Release|x86
		{F976C2FD-3164-4218-9E4D-8F0425ADBA21}.Release|ARM.ActiveCfg = Release|ARM
		{F976C2FD-3164-4218-9E4D-8F0425ADBA21}.Release|ARM.Build.0 = Release|ARM
		{F976C2FD-3164-4218-9E4D-8F0425ADBA21}.Release|ARM.Deploy.0 = Release|ARM
		{F976C2FD-3164-4218-9E4D-8F0425ADBA21}.Release|iPhone.ActiveCfg = Release|x86
		{F976C2FD-3164-4218-9E4D-8F0425ADBA21}.Release|iPhone.Build.0 = Release|x86
		{F976C2FD-3164-4218-9E4D-8F0425ADBA21}.Release|iPhone.Deploy.0 = Release|x86
		{F976C2FD-3164-4218-9E4D-8F0425ADBA21}.Release|iPhoneSimulator.ActiveCfg = Release|x86
		{F976C2FD-3164-4218-9E4D-8F0425ADBA21}.Release|iPhoneSimulator.Build.0 = Release|x86
		{F976C2FD-3164-4218-9E4D-8F0425ADBA21}.Release|iPhoneSimulator.Deploy.0 = Release|x86
		{F976C2FD-3164-4218-9E4D-8F0425ADBA21}.Release|x64.ActiveCfg = Release|x64
		{F976C2FD-3164-4218-9E4D-8F0425ADBA21}.Release|x64.Build.0 = Release|x64
		{F976C2FD-3164-4218-9E4D-8F0425ADBA21}.Release|x64.Deploy.0 = Release|x64
		{F976C2FD-3164-4218-9E4D-8F0425ADBA21}.Release|x86.ActiveCfg = Release|x86
		{F976C2FD-3164-4218-9E4D-8F0425ADBA21}.Release|x86.Build.0 = Release|x86
		{F976C2FD-3164-4218-9E4D-8F0425ADBA21}.Release|x86.Deploy.0 = Release|x86
		{AFE184AD-3046-4EBE-A6D1-85588DAB0406}.Debug|Any CPU.ActiveCfg = Debug|Any CPU
		{AFE184AD-3046-4EBE-A6D1-85588DAB0406}.Debug|Any CPU.Build.0 = Debug|Any CPU
		{AFE184AD-3046-4EBE-A6D1-85588DAB0406}.Debug|Any CPU.Deploy.0 = Debug|Any CPU
		{AFE184AD-3046-4EBE-A6D1-85588DAB0406}.Debug|ARM.ActiveCfg = Debug|Any CPU
		{AFE184AD-3046-4EBE-A6D1-85588DAB0406}.Debug|ARM.Build.0 = Debug|Any CPU
		{AFE184AD-3046-4EBE-A6D1-85588DAB0406}.Debug|ARM.Deploy.0 = Debug|Any CPU
		{AFE184AD-3046-4EBE-A6D1-85588DAB0406}.Debug|iPhone.ActiveCfg = Debug|Any CPU
		{AFE184AD-3046-4EBE-A6D1-85588DAB0406}.Debug|iPhone.Build.0 = Debug|Any CPU
		{AFE184AD-3046-4EBE-A6D1-85588DAB0406}.Debug|iPhone.Deploy.0 = Debug|Any CPU
		{AFE184AD-3046-4EBE-A6D1-85588DAB0406}.Debug|iPhoneSimulator.ActiveCfg = Debug|Any CPU
		{AFE184AD-3046-4EBE-A6D1-85588DAB0406}.Debug|iPhoneSimulator.Build.0 = Debug|Any CPU
		{AFE184AD-3046-4EBE-A6D1-85588DAB0406}.Debug|iPhoneSimulator.Deploy.0 = Debug|Any CPU
		{AFE184AD-3046-4EBE-A6D1-85588DAB0406}.Debug|x64.ActiveCfg = Debug|Any CPU
		{AFE184AD-3046-4EBE-A6D1-85588DAB0406}.Debug|x64.Build.0 = Debug|Any CPU
		{AFE184AD-3046-4EBE-A6D1-85588DAB0406}.Debug|x64.Deploy.0 = Debug|Any CPU
		{AFE184AD-3046-4EBE-A6D1-85588DAB0406}.Debug|x86.ActiveCfg = Debug|Any CPU
		{AFE184AD-3046-4EBE-A6D1-85588DAB0406}.Debug|x86.Build.0 = Debug|Any CPU
		{AFE184AD-3046-4EBE-A6D1-85588DAB0406}.Debug|x86.Deploy.0 = Debug|Any CPU
		{AFE184AD-3046-4EBE-A6D1-85588DAB0406}.Release|Any CPU.ActiveCfg = Release|Any CPU
		{AFE184AD-3046-4EBE-A6D1-85588DAB0406}.Release|Any CPU.Build.0 = Release|Any CPU
		{AFE184AD-3046-4EBE-A6D1-85588DAB0406}.Release|Any CPU.Deploy.0 = Release|Any CPU
		{AFE184AD-3046-4EBE-A6D1-85588DAB0406}.Release|ARM.ActiveCfg = Release|Any CPU
		{AFE184AD-3046-4EBE-A6D1-85588DAB0406}.Release|ARM.Build.0 = Release|Any CPU
		{AFE184AD-3046-4EBE-A6D1-85588DAB0406}.Release|ARM.Deploy.0 = Release|Any CPU
		{AFE184AD-3046-4EBE-A6D1-85588DAB0406}.Release|iPhone.ActiveCfg = Release|Any CPU
		{AFE184AD-3046-4EBE-A6D1-85588DAB0406}.Release|iPhone.Build.0 = Release|Any CPU
		{AFE184AD-3046-4EBE-A6D1-85588DAB0406}.Release|iPhone.Deploy.0 = Release|Any CPU
		{AFE184AD-3046-4EBE-A6D1-85588DAB0406}.Release|iPhoneSimulator.ActiveCfg = Release|Any CPU
		{AFE184AD-3046-4EBE-A6D1-85588DAB0406}.Release|iPhoneSimulator.Build.0 = Release|Any CPU
		{AFE184AD-3046-4EBE-A6D1-85588DAB0406}.Release|iPhoneSimulator.Deploy.0 = Release|Any CPU
		{AFE184AD-3046-4EBE-A6D1-85588DAB0406}.Release|x64.ActiveCfg = Release|Any CPU
		{AFE184AD-3046-4EBE-A6D1-85588DAB0406}.Release|x64.Build.0 = Release|Any CPU
		{AFE184AD-3046-4EBE-A6D1-85588DAB0406}.Release|x64.Deploy.0 = Release|Any CPU
		{AFE184AD-3046-4EBE-A6D1-85588DAB0406}.Release|x86.ActiveCfg = Release|Any CPU
		{AFE184AD-3046-4EBE-A6D1-85588DAB0406}.Release|x86.Build.0 = Release|Any CPU
		{AFE184AD-3046-4EBE-A6D1-85588DAB0406}.Release|x86.Deploy.0 = Release|Any CPU
		{8147C452-A34B-4FCA-8A46-611B7071C929}.Debug|Any CPU.ActiveCfg = Debug|iPhone
		{8147C452-A34B-4FCA-8A46-611B7071C929}.Debug|Any CPU.Build.0 = Debug|iPhone
		{8147C452-A34B-4FCA-8A46-611B7071C929}.Debug|Any CPU.Deploy.0 = Debug|iPhone
		{8147C452-A34B-4FCA-8A46-611B7071C929}.Debug|ARM.ActiveCfg = Debug|iPhone
		{8147C452-A34B-4FCA-8A46-611B7071C929}.Debug|ARM.Build.0 = Debug|iPhone
		{8147C452-A34B-4FCA-8A46-611B7071C929}.Debug|ARM.Deploy.0 = Debug|iPhone
		{8147C452-A34B-4FCA-8A46-611B7071C929}.Debug|iPhone.ActiveCfg = Debug|iPhone
		{8147C452-A34B-4FCA-8A46-611B7071C929}.Debug|iPhone.Build.0 = Debug|iPhone
		{8147C452-A34B-4FCA-8A46-611B7071C929}.Debug|iPhone.Deploy.0 = Debug|iPhone
		{8147C452-A34B-4FCA-8A46-611B7071C929}.Debug|iPhoneSimulator.ActiveCfg = Debug|iPhoneSimulator
		{8147C452-A34B-4FCA-8A46-611B7071C929}.Debug|iPhoneSimulator.Build.0 = Debug|iPhoneSimulator
		{8147C452-A34B-4FCA-8A46-611B7071C929}.Debug|iPhoneSimulator.Deploy.0 = Debug|iPhoneSimulator
		{8147C452-A34B-4FCA-8A46-611B7071C929}.Debug|x64.ActiveCfg = Debug|iPhone
		{8147C452-A34B-4FCA-8A46-611B7071C929}.Debug|x64.Build.0 = Debug|iPhone
		{8147C452-A34B-4FCA-8A46-611B7071C929}.Debug|x64.Deploy.0 = Debug|iPhone
		{8147C452-A34B-4FCA-8A46-611B7071C929}.Debug|x86.ActiveCfg = Debug|iPhone
		{8147C452-A34B-4FCA-8A46-611B7071C929}.Debug|x86.Build.0 = Debug|iPhone
		{8147C452-A34B-4FCA-8A46-611B7071C929}.Debug|x86.Deploy.0 = Debug|iPhone
		{8147C452-A34B-4FCA-8A46-611B7071C929}.Release|Any CPU.ActiveCfg = Release|iPhone
		{8147C452-A34B-4FCA-8A46-611B7071C929}.Release|Any CPU.Build.0 = Release|iPhone
		{8147C452-A34B-4FCA-8A46-611B7071C929}.Release|Any CPU.Deploy.0 = Release|iPhone
		{8147C452-A34B-4FCA-8A46-611B7071C929}.Release|ARM.ActiveCfg = Release|iPhone
		{8147C452-A34B-4FCA-8A46-611B7071C929}.Release|ARM.Build.0 = Release|iPhone
		{8147C452-A34B-4FCA-8A46-611B7071C929}.Release|ARM.Deploy.0 = Release|iPhone
		{8147C452-A34B-4FCA-8A46-611B7071C929}.Release|iPhone.ActiveCfg = Release|iPhone
		{8147C452-A34B-4FCA-8A46-611B7071C929}.Release|iPhone.Build.0 = Release|iPhone
		{8147C452-A34B-4FCA-8A46-611B7071C929}.Release|iPhone.Deploy.0 = Release|iPhone
		{8147C452-A34B-4FCA-8A46-611B7071C929}.Release|iPhoneSimulator.ActiveCfg = Release|iPhoneSimulator
		{8147C452-A34B-4FCA-8A46-611B7071C929}.Release|iPhoneSimulator.Build.0 = Release|iPhoneSimulator
		{8147C452-A34B-4FCA-8A46-611B7071C929}.Release|iPhoneSimulator.Deploy.0 = Release|iPhoneSimulator
		{8147C452-A34B-4FCA-8A46-611B7071C929}.Release|x64.ActiveCfg = Release|iPhone
		{8147C452-A34B-4FCA-8A46-611B7071C929}.Release|x64.Build.0 = Release|iPhone
		{8147C452-A34B-4FCA-8A46-611B7071C929}.Release|x64.Deploy.0 = Release|iPhone
		{8147C452-A34B-4FCA-8A46-611B7071C929}.Release|x86.ActiveCfg = Release|iPhone
		{8147C452-A34B-4FCA-8A46-611B7071C929}.Release|x86.Build.0 = Release|iPhone
		{8147C452-A34B-4FCA-8A46-611B7071C929}.Release|x86.Deploy.0 = Release|iPhone
		{8C3220B9-F9FB-4400-B4A9-4CF20A3804AC}.Debug|Any CPU.ActiveCfg = Debug|Any CPU
		{8C3220B9-F9FB-4400-B4A9-4CF20A3804AC}.Debug|Any CPU.Build.0 = Debug|Any CPU
		{8C3220B9-F9FB-4400-B4A9-4CF20A3804AC}.Debug|Any CPU.Deploy.0 = Debug|Any CPU
		{8C3220B9-F9FB-4400-B4A9-4CF20A3804AC}.Debug|ARM.ActiveCfg = Debug|Any CPU
		{8C3220B9-F9FB-4400-B4A9-4CF20A3804AC}.Debug|ARM.Build.0 = Debug|Any CPU
		{8C3220B9-F9FB-4400-B4A9-4CF20A3804AC}.Debug|ARM.Deploy.0 = Debug|Any CPU
		{8C3220B9-F9FB-4400-B4A9-4CF20A3804AC}.Debug|iPhone.ActiveCfg = Debug|Any CPU
		{8C3220B9-F9FB-4400-B4A9-4CF20A3804AC}.Debug|iPhone.Build.0 = Debug|Any CPU
		{8C3220B9-F9FB-4400-B4A9-4CF20A3804AC}.Debug|iPhone.Deploy.0 = Debug|Any CPU
		{8C3220B9-F9FB-4400-B4A9-4CF20A3804AC}.Debug|iPhoneSimulator.ActiveCfg = Debug|Any CPU
		{8C3220B9-F9FB-4400-B4A9-4CF20A3804AC}.Debug|iPhoneSimulator.Build.0 = Debug|Any CPU
		{8C3220B9-F9FB-4400-B4A9-4CF20A3804AC}.Debug|iPhoneSimulator.Deploy.0 = Debug|Any CPU
		{8C3220B9-F9FB-4400-B4A9-4CF20A3804AC}.Debug|x64.ActiveCfg = Debug|Any CPU
		{8C3220B9-F9FB-4400-B4A9-4CF20A3804AC}.Debug|x64.Build.0 = Debug|Any CPU
		{8C3220B9-F9FB-4400-B4A9-4CF20A3804AC}.Debug|x64.Deploy.0 = Debug|Any CPU
		{8C3220B9-F9FB-4400-B4A9-4CF20A3804AC}.Debug|x86.ActiveCfg = Debug|Any CPU
		{8C3220B9-F9FB-4400-B4A9-4CF20A3804AC}.Debug|x86.Build.0 = Debug|Any CPU
		{8C3220B9-F9FB-4400-B4A9-4CF20A3804AC}.Debug|x86.Deploy.0 = Debug|Any CPU
		{8C3220B9-F9FB-4400-B4A9-4CF20A3804AC}.Release|Any CPU.ActiveCfg = Release|Any CPU
		{8C3220B9-F9FB-4400-B4A9-4CF20A3804AC}.Release|Any CPU.Build.0 = Release|Any CPU
		{8C3220B9-F9FB-4400-B4A9-4CF20A3804AC}.Release|Any CPU.Deploy.0 = Release|Any CPU
		{8C3220B9-F9FB-4400-B4A9-4CF20A3804AC}.Release|ARM.ActiveCfg = Release|Any CPU
		{8C3220B9-F9FB-4400-B4A9-4CF20A3804AC}.Release|ARM.Build.0 = Release|Any CPU
		{8C3220B9-F9FB-4400-B4A9-4CF20A3804AC}.Release|ARM.Deploy.0 = Release|Any CPU
		{8C3220B9-F9FB-4400-B4A9-4CF20A3804AC}.Release|iPhone.ActiveCfg = Release|Any CPU
		{8C3220B9-F9FB-4400-B4A9-4CF20A3804AC}.Release|iPhone.Build.0 = Release|Any CPU
		{8C3220B9-F9FB-4400-B4A9-4CF20A3804AC}.Release|iPhone.Deploy.0 = Release|Any CPU
		{8C3220B9-F9FB-4400-B4A9-4CF20A3804AC}.Release|iPhoneSimulator.ActiveCfg = Release|Any CPU
		{8C3220B9-F9FB-4400-B4A9-4CF20A3804AC}.Release|iPhoneSimulator.Build.0 = Release|Any CPU
		{8C3220B9-F9FB-4400-B4A9-4CF20A3804AC}.Release|iPhoneSimulator.Deploy.0 = Release|Any CPU
		{8C3220B9-F9FB-4400-B4A9-4CF20A3804AC}.Release|x64.ActiveCfg = Release|Any CPU
		{8C3220B9-F9FB-4400-B4A9-4CF20A3804AC}.Release|x64.Build.0 = Release|Any CPU
		{8C3220B9-F9FB-4400-B4A9-4CF20A3804AC}.Release|x64.Deploy.0 = Release|Any CPU
		{8C3220B9-F9FB-4400-B4A9-4CF20A3804AC}.Release|x86.ActiveCfg = Release|Any CPU
		{8C3220B9-F9FB-4400-B4A9-4CF20A3804AC}.Release|x86.Build.0 = Release|Any CPU
		{8C3220B9-F9FB-4400-B4A9-4CF20A3804AC}.Release|x86.Deploy.0 = Release|Any CPU
	EndGlobalSection
	GlobalSection(SolutionProperties) = preSolution
		HideSolutionNode = FALSE
	EndGlobalSection
	GlobalSection(ExtensibilityGlobals) = postSolution
		SolutionGuid = {3D637F59-9518-4AFF-A44B-93B9D99E79E0}
	EndGlobalSection
EndGlobal
